
Microsoft Visual Studio Solution File, Format Version 12.00
# Visual Studio Version 16
VisualStudioVersion = 16.0.30907.101
MinimumVisualStudioVersion = 10.0.40219.1
Project("{FAE04EC0-301F-11D3-BF4B-00C04F79EFBC}") = "HomeWork_10", "HomeWork_10.csproj", "{5AF65D39-084D-479E-96FD-10BDCD55AC92}"
EndProject
Global
	GlobalSection(SolutionConfigurationPlatforms) = preSolution
		Debug|Any CPU = Debug|Any CPU
		Release|Any CPU = Release|Any CPU
	EndGlobalSection
	GlobalSection(ProjectConfigurationPlatforms) = postSolution
		{5AF65D39-084D-479E-96FD-10BDCD55AC92}.Debug|Any CPU.ActiveCfg = Debug|Any CPU
		{5AF65D39-084D-479E-96FD-10BDCD55AC92}.Debug|Any CPU.Build.0 = Debug|Any CPU
		{5AF65D39-084D-479E-96FD-10BDCD55AC92}.Release|Any CPU.ActiveCfg = Release|Any CPU
		{5AF65D39-084D-479E-96FD-10BDCD55AC92}.Release|Any CPU.Build.0 = Release|Any CPU
	EndGlobalSection
	GlobalSection(SolutionProperties) = preSolution
		HideSolutionNode = FALSE
	EndGlobalSection
	GlobalSection(ExtensibilityGlobals) = postSolution
		SolutionGuid = {5ADB5CB2-9B32-4BD3-A856-F66AE37483CF}
	EndGlobalSection
EndGlobal
